{
  "name": "project-app",
  "version": "0.1.0",
  "lockfileVersion": 3,
  "requires": true,
  "packages": {
    "": {
      "name": "project-app",
      "version": "0.1.0",
      "dependencies": {
        "@anthropic-ai/sdk": "^0.131.0",
        "dompurify": "^3.4.16",
        "fast-xml-parser": "^5.11.1",
        "marked": "^12.0.2",
        "node-ical": "^0.27.2",
        "pg": "^8.13.1"
      },
      "engines": {
        "node": ">=22"
      }
    },
    "node_modules/@anthropic-ai/sdk": {
      "version": "0.131.0",
      "resolved": "https://registry.npmjs.org/@anthropic-ai/sdk/-/sdk-0.131.0.tgz",
      "integrity": "sha512-9+PepoU7qVMmM70jSahdnfcMHAvAnzhMOLv2W9WjRLO+OG/MAiBETkwKZqv7KIJ1Cj5h8eZ019bHzZaq+Mbepw==",
      "license": "MIT",
      "dependencies": {
        "json-schema-to-ts": "^3.1.1",
        "standardwebhooks": "^1.0.0"
      },
      "bin": {
        "anthropic-ai-sdk": "bin/cli"
      },
      "peerDependencies": {
        "zod": "^3.25.0 || ^4.0.0"
      },
      "peerDependenciesMeta": {
        "zod": {
          "optional": true
        }
      }
    },
    "node_modules/@babel/runtime": {
      "version": "7.29.7",
      "resolved": "https://registry.npmjs.org/@babel/runtime/-/runtime-7.29.7.tgz",
      "integrity": "sha512-Nq8OhGWiZIZGV6hLHoyAKLLcJihP/xFeBMGJoUrxTX2psI8dCifzLhZISFb+VWS3wFMRDmCGw5R+dOySCqPLhw==",
      "license": "MIT",
      "engines": {
        "node": ">=6.9.0"
      }
    },
    "node_modules/@nodable/entities": {
      "version": "3.1.0",
      "resolved": "https://registry.npmjs.org/@nodable/entities/-/entities-3.1.0.tgz",
      "integrity": "sha512-LsS/DjHr+uDM647Gru/cA8+J3a3HfhttwCKLyuoyN7yXTFCxKBtSgMQBvrW9yNPa2/zDRUNuGPaH5QUFoa4arQ==",
      "funding": [
        {
          "type": "github",
          "url": "https://github.com/sponsors/nodable"
        }
      ],
      "license": "MIT"
    },
    "node_modules/@stablelib/base64": {
      "version": "1.0.1",
      "resolved": "https://registry.npmjs.org/@stablelib/base64/-/base64-1.0.1.tgz",
      "integrity": "sha512-1bnPQqSxSuc3Ii6MhBysoWCg58j97aUjuCSZrGSmDxNqtytIi0k8utUenAwTZN4V5mXXYGsVUI9zeBqy+jBOSQ==",
      "license": "MIT"
    },
    "node_modules/@types/trusted-types": {
      "version": "2.0.7",
      "resolved": "https://registry.npmjs.org/@types/trusted-types/-/trusted-types-2.0.7.tgz",
      "integrity": "sha512-ScaPdn1dQczgbl0QFTeTOmVHFULt394XJgOQNoyVhZ6r2vLnMLJfBPd53SB52T/3G36VI1/g2MZaX0cwDuXsfw==",
      "license": "MIT",
      "optional": true
    },
    "node_modules/anynum": {
      "version": "1.0.1",
      "resolved": "https://registry.npmjs.org/anynum/-/anynum-1.0.1.tgz",
      "integrity": "sha512-N6//FLET/tXYNM/F6ABca1oH6fWB+KlTt909Le28WMDBk8oaT4vY17DCrwg2MvmuqUKt3Ni4N5dGJ/EoBgcO6A==",
      "funding": [
        {
          "type": "github",
          "url": "https://github.com/sponsors/NaturalIntelligence"
        }
      ],
      "license": "MIT"
    },
    "node_modules/dompurify": {
      "version": "3.4.16",
      "resolved": "https://registry.npmjs.org/dompurify/-/dompurify-3.4.16.tgz",
      "integrity": "sha512-sqo+pNp3qRhCIpbgRi1y8Tgk27Bo2Ry7w0dC1NBeNTdZChWjz9Xb/KOoZbRP/R6pQZ80Qw8YhXw13hWWBbMRnQ==",
      "license": "(MPL-2.0 OR Apache-2.0)",
      "optionalDependencies": {
        "@types/trusted-types": "^2.0.7"
      }
    },
    "node_modules/fast-sha256": {
      "version": "1.3.0",
      "resolved": "https://registry.npmjs.org/fast-sha256/-/fast-sha256-1.3.0.tgz",
      "integrity": "sha512-n11RGP/lrWEFI/bWdygLxhI+pVeo1ZYIVwvvPkW7azl/rOy+F3HYRZ2K5zeE9mmkhQppyv9sQFx0JM9UabnpPQ==",
      "license": "Unlicense"
    },
    "node_modules/fast-xml-builder": {
      "version": "1.3.1",
      "resolved": "https://registry.npmjs.org/fast-xml-builder/-/fast-xml-builder-1.3.1.tgz",
      "integrity": "sha512-pIM/1n3ntFXKYrUZwW7QCK0gAW7XY+wzj1YMIV3tLDvPj/V+zTGJK5e3/4WJfwj0qWw2ElNXiTixda/R+3YSug==",
      "funding": [
        {
          "type": "github",
          "url": "https://github.com/sponsors/NaturalIntelligence"
        }
      ],
      "license": "MIT",
      "dependencies": {
        "path-expression-matcher": "^1.6.2",
        "xml-naming": "^0.3.0"
      }
    },
    "node_modules/fast-xml-parser": {
      "version": "5.11.2",
      "resolved": "https://registry.npmjs.org/fast-xml-parser/-/fast-xml-parser-5.11.2.tgz",
      "integrity": "sha512-R9iDuNrQYeQut46cn2r2wHKn4HYzVDvDm5J1wW+koZewykv0yuO2HChTYeZtrULyHIDM9cj9TUXloCsueCQUog==",
      "funding": [
        {
          "type": "github",
          "url": "https://github.com/sponsors/NaturalIntelligence"
        }
      ],
      "license": "MIT",
      "dependencies": {
        "@nodable/entities": "^3.0.1",
        "fast-xml-builder": "^1.2.0",
        "is-unsafe": "^2.0.0",
        "path-expression-matcher": "^1.6.2",
        "strnum": "^2.4.2",
        "xml-naming": "^0.3.0"
      },
      "bin": {
        "fxparser": "src/cli/cli.js"
      }
    },
    "node_modules/is-unsafe": {
      "version": "2.0.2",
      "resolved": "https://registry.npmjs.org/is-unsafe/-/is-unsafe-2.0.2.tgz",
      "integrity": "sha512-HgbIHPBH0KHHCcjLfGsCvhtPTVxjaAZlXjwdz7/GQC40SjSe4sfQsar8J5VFo8JOSbarkpV0OLG95bbaNd9aAQ==",
      "funding": [
        {
          "type": "github",
          "url": "https://github.com/sponsors/NaturalIntelligence"
        }
      ],
      "license": "MIT"
    },
    "node_modules/json-schema-to-ts": {
      "version": "3.1.1",
      "resolved": "https://registry.npmjs.org/json-schema-to-ts/-/json-schema-to-ts-3.1.1.tgz",
      "integrity": "sha512-+DWg8jCJG2TEnpy7kOm/7/AxaYoaRbjVB4LFZLySZlWn8exGs3A4OLJR966cVvU26N7X9TWxl+Jsw7dzAqKT6g==",
      "license": "MIT",
      "dependencies": {
        "@babel/runtime": "^7.18.3",
        "ts-algebra": "^2.0.0"
      },
      "engines": {
        "node": ">=16"
      }
    },
    "node_modules/marked": {
      "version": "12.0.2",
      "resolved": "https://registry.npmjs.org/marked/-/marked-12.0.2.tgz",
      "integrity": "sha512-qXUm7e/YKFoqFPYPa3Ukg9xlI5cyAtGmyEIzMfW//m6kXwCy2Ps9DYf5ioijFKQ8qyuscrHoY04iJGctu2Kg0Q==",
      "license": "MIT",
      "bin": {
        "marked": "bin/marked.js"
      },
      "engines": {
        "node": ">= 18"
      }
    },
    "node_modules/node-ical": {
      "version": "0.27.2",
      "resolved": "https://registry.npmjs.org/node-ical/-/node-ical-0.27.2.tgz",
      "integrity": "sha512-RCjSxeNZN9Btv+xAZzB/GAet1FLcbmhcImLyynxU0LXyM7SgiQ1RnEitBsPgFTjMelUn6cw3GAjYc6w9MA5sIg==",
      "license": "Apache-2.0",
      "dependencies": {
        "rrule-temporal": "^2.2.4",
        "temporal-polyfill": "^1.0.4"
      },
      "engines": {
        "node": ">=22"
      }
    },
    "node_modules/path-expression-matcher": {
      "version": "1.6.2",
      "resolved": "https://registry.npmjs.org/path-expression-matcher/-/path-expression-matcher-1.6.2.tgz",
      "integrity": "sha512-enSlaiat05iasnzmgNxRj8reFdj3puY2QpNgP1aPIaVfT6nn9ICuPoFlKHk8EN22HcwewshO+mN2DGbkCEOtqQ==",
      "funding": [
        {
          "type": "github",
          "url": "https://github.com/sponsors/NaturalIntelligence"
        }
      ],
      "license": "MIT",
      "engines": {
        "node": ">=14.0.0"
      }
    },
    "node_modules/pg": {
      "version": "8.23.1",
      "resolved": "https://registry.npmjs.org/pg/-/pg-8.23.1.tgz",
      "integrity": "sha512-aL96AHANtWjPLDOLqnhx+ngp9+UK7ETEU8VJrDCGvsSSi/mGLcWYsS6Herg7lmaBJe4uwrfqsa7gTEFaSizDoQ==",
      "license": "MIT",
      "dependencies": {
        "pg-connection-string": "^2.14.1",
        "pg-pool": "^3.14.0",
        "pg-protocol": "^1.16.1",
        "pg-types": "2.2.0",
        "pgpass": "1.0.5"
      },
      "engines": {
        "node": ">= 16.0.0"
      },
      "optionalDependencies": {
        "pg-cloudflare": "^1.4.1"
      },
      "peerDependencies": {
        "pg-native": ">=3.0.1"
      },
      "peerDependenciesMeta": {
        "pg-native": {
          "optional": true
        }
      }
    },
    "node_modules/pg-cloudflare": {
      "version": "1.4.1",
      "resolved": "https://registry.npmjs.org/pg-cloudflare/-/pg-cloudflare-1.4.1.tgz",
      "integrity": "sha512-6PQbsFWZcp9EmJEwy5cGQ2La+AMWpP46lgbb8X+U/XsHIUweYDNCpeuKck5RxL2MdVFi7krbbEi5nX4Zh7JhrQ==",
      "license": "MIT",
      "optional": true
    },
    "node_modules/pg-connection-string": {
      "version": "2.14.1",
      "resolved": "https://registry.npmjs.org/pg-connection-string/-/pg-connection-string-2.14.1.tgz",
      "integrity": "sha512-qR3kGNPBLpCNtz0evbKA0Y/MRFXwSSdT+pTJvYp/bXTcReZbvX1kzF0IyTc1QnxqF7AZbOeBhNL8R5mYQZV/MA==",
      "license": "MIT"
    },
    "node_modules/pg-int8": {
      "version": "1.0.1",
      "resolved": "https://registry.npmjs.org/pg-int8/-/pg-int8-1.0.1.tgz",
      "integrity": "sha512-WCtabS6t3c8SkpDBUlb1kjOs7l66xsGdKpIPZsg4wR+B3+u9UAum2odSsF9tnvxg80h4ZxLWMy4pRjOsFIqQpw==",
      "license": "ISC",
      "engines": {
        "node": ">=4.0.0"
      }
    },
    "node_modules/pg-pool": {
      "version": "3.14.0",
      "resolved": "https://registry.npmjs.org/pg-pool/-/pg-pool-3.14.0.tgz",
      "integrity": "sha512-gKtPkFdQPU3DksooVLi9LsjZxrsBUZIpa+7aVx+LV5pNh0KzP4Zleud2po+ConrxbuXGBJ6Hfer6hdgpIBpBaw==",
      "license": "MIT",
      "peerDependencies": {
        "pg": ">=8.0"
      }
    },
    "node_modules/pg-protocol": {
      "version": "1.16.1",
      "resolved": "https://registry.npmjs.org/pg-protocol/-/pg-protocol-1.16.1.tgz",
      "integrity": "sha512-p9VOFMiHB/ZbJATetbg+99PxssTVSQRnyuPSQ67mN1+1KBOjZaZ83ZQzltnxPhJwSsC3nwVjJ10DVJlerbFzLg==",
      "license": "MIT"
    },
    "node_modules/pg-types": {
      "version": "2.2.0",
      "resolved": "https://registry.npmjs.org/pg-types/-/pg-types-2.2.0.tgz",
      "integrity": "sha512-qTAAlrEsl8s4OiEQY69wDvcMIdQN6wdz5ojQiOy6YRMuynxenON0O5oCpJI6lshc6scgAY8qvJ2On/p+CXY0GA==",
      "license": "MIT",
      "dependencies": {
        "pg-int8": "1.0.1",
        "postgres-array": "~2.0.0",
        "postgres-bytea": "~1.0.0",
        "postgres-date": "~1.0.4",
        "postgres-interval": "^1.1.0"
      },
      "engines": {
        "node": ">=4"
      }
    },
    "node_modules/pgpass": {
      "version": "1.0.5",
      "resolved": "https://registry.npmjs.org/pgpass/-/pgpass-1.0.5.tgz",
      "integrity": "sha512-FdW9r/jQZhSeohs1Z3sI1yxFQNFvMcnmfuj4WBMUTxOrAyLMaTcE1aAMBiTlbMNaXvBCQuVi0R7hd8udDSP7ug==",
      "license": "MIT",
      "dependencies": {
        "split2": "^4.1.0"
      }
    },
    "node_modules/postgres-array": {
      "version": "2.0.0",
      "resolved": "https://registry.npmjs.org/postgres-array/-/postgres-array-2.0.0.tgz",
      "integrity": "sha512-VpZrUqU5A69eQyW2c5CA1jtLecCsN2U/bD6VilrFDWq5+5UIEVO7nazS3TEcHf1zuPYO/sqGvUvW62g86RXZuA==",
      "license": "MIT",
      "engines": {
        "node": ">=4"
      }
    },
    "node_modules/postgres-bytea": {
      "version": "1.0.1",
      "resolved": "https://registry.npmjs.org/postgres-bytea/-/postgres-bytea-1.0.1.tgz",
      "integrity": "sha512-5+5HqXnsZPE65IJZSMkZtURARZelel2oXUEO8rH83VS/hxH5vv1uHquPg5wZs8yMAfdv971IU+kcPUczi7NVBQ==",
      "license": "MIT",
      "engines": {
        "node": ">=0.10.0"
      }
    },
    "node_modules/postgres-date": {
      "version": "1.0.7",
      "resolved": "https://registry.npmjs.org/postgres-date/-/postgres-date-1.0.7.tgz",
      "integrity": "sha512-suDmjLVQg78nMK2UZ454hAG+OAW+HQPZ6n++TNDUX+L0+uUlLywnoxJKDou51Zm+zTCjrCl0Nq6J9C5hP9vK/Q==",
      "license": "MIT",
      "engines": {
        "node": ">=0.10.0"
      }
    },
    "node_modules/postgres-interval": {
      "version": "1.2.0",
      "resolved": "https://registry.npmjs.org/postgres-interval/-/postgres-interval-1.2.0.tgz",
      "integrity": "sha512-9ZhXKM/rw350N1ovuWHbGxnGh/SNJ4cnxHiM0rxE4VN41wsg8P8zWn9hv/buK00RP4WvlOyr/RBDiptyxVbkZQ==",
      "license": "MIT",
      "dependencies": {
        "xtend": "^4.0.0"
      },
      "engines": {
        "node": ">=0.10.0"
      }
    },
    "node_modules/rrule-temporal": {
      "version": "2.2.7",
      "resolved": "https://registry.npmjs.org/rrule-temporal/-/rrule-temporal-2.2.7.tgz",
      "integrity": "sha512-sd4ee2vAeb5VtGfQSVg9KWc522cHRIz2O2waSiwgRXMYeAu3LFl1qzNqR0RkoqwKWH2bKYKN8WMFdDE+ffuwPQ==",
      "license": "MIT",
      "dependencies": {
        "temporal-spec": "^1.0.0"
      }
    },
    "node_modules/split2": {
      "version": "4.2.0",
      "resolved": "https://registry.npmjs.org/split2/-/split2-4.2.0.tgz",
      "integrity": "sha512-UcjcJOWknrNkF6PLX83qcHM6KHgVKNkV62Y8a5uYDVv9ydGQVwAHMKqHdJje1VTWpljG0WYpCDhrCdAOYH4TWg==",
      "license": "ISC",
      "engines": {
        "node": ">= 10.x"
      }
    },
    "node_modules/standardwebhooks": {
      "version": "1.1.1",
      "resolved": "https://registry.npmjs.org/standardwebhooks/-/standardwebhooks-1.1.1.tgz",
      "integrity": "sha512-bCbX9ZEyFkWPsRz7Bl3NuQUJohmwGSev/yhr7vhaGPlc4AfIrspIRa6cPTBuI1ItmrTDJ4d/S2hCsfe4+vQGnQ==",
      "license": "MIT",
      "dependencies": {
        "@stablelib/base64": "^1.0.0",
        "fast-sha256": "^1.3.0"
      }
    },
    "node_modules/strnum": {
      "version": "2.4.2",
      "resolved": "https://registry.npmjs.org/strnum/-/strnum-2.4.2.tgz",
      "integrity": "sha512-rDG3Ah4TV0k1hWvLSzkZtMmLN9+eS+h3knq4MP6A42Y3Yh5qGNnOUs1jJkoSr8FG5dsL28c7KgkIBzSEykqtuw==",
      "funding": [
        {
          "type": "github",
          "url": "https://github.com/sponsors/NaturalIntelligence"
        }
      ],
      "license": "MIT",
      "dependencies": {
        "anynum": "^1.0.1"
      }
    },
    "node_modules/temporal-polyfill": {
      "version": "1.0.5",
      "resolved": "https://registry.npmjs.org/temporal-polyfill/-/temporal-polyfill-1.0.5.tgz",
      "integrity": "sha512-+H/mmY74i6wXCMcjIhGuSnODcyZnc4eois2myhOyX0UqRAKNXQY5m9iB1en5jQ/n4SXtjLXo1ElBI5bmn8tZwQ==",
      "license": "MIT",
      "dependencies": {
        "temporal-spec": "1.0.1",
        "temporal-utils": "1.0.3"
      }
    },
    "node_modules/temporal-spec": {
      "version": "1.0.1",
      "resolved": "https://registry.npmjs.org/temporal-spec/-/temporal-spec-1.0.1.tgz",
      "integrity": "sha512-wxVoanmDeavXie1vu2JaQ3WIc3JZnWAOYFBsJyATaVsXsycKYUflGsyBmrRSnoCpZJpwPyr38VpgSUlQ8CbFxg==",
      "license": "Apache-2.0"
    },
    "node_modules/temporal-utils": {
      "version": "1.0.3",
      "resolved": "https://registry.npmjs.org/temporal-utils/-/temporal-utils-1.0.3.tgz",
      "integrity": "sha512-9jbTSX3HvkOWvDpNpFzwX/d1mkCrgQgwLmVTOEiuocZGKHsrQJtttGZFmybJ2zYP5zCSZuU5ZyeS8+eOEPABiQ==",
      "license": "MIT"
    },
    "node_modules/ts-algebra": {
      "version": "2.0.0",
      "resolved": "https://registry.npmjs.org/ts-algebra/-/ts-algebra-2.0.0.tgz",
      "integrity": "sha512-FPAhNPFMrkwz76P7cdjdmiShwMynZYN6SgOujD1urY4oNm80Ou9oMdmbR45LotcKOXoy7wSmHkRFE6Mxbrhefw==",
      "license": "MIT"
    },
    "node_modules/xml-naming": {
      "version": "0.3.0",
      "resolved": "https://registry.npmjs.org/xml-naming/-/xml-naming-0.3.0.tgz",
      "integrity": "sha512-ghig2TBE/H11aOVgmahA3MhimvkBr6JIYknH/Dhdk10nXwdbIqBJsbfMxpvFPG8bAw77gN29aQWvKpmVoPlvPQ==",
      "funding": [
        {
          "type": "github",
          "url": "https://github.com/sponsors/NaturalIntelligence"
        }
      ],
      "license": "MIT",
      "engines": {
        "node": ">=16.0.0"
      }
    },
    "node_modules/xtend": {
      "version": "4.0.2",
      "resolved": "https://registry.npmjs.org/xtend/-/xtend-4.0.2.tgz",
      "integrity": "sha512-LKYU1iAXJXUgAXn9URjiu+MWhyUXHsvfp7mcuYm9dSUKK0/CjtrUwFAxD82/mCWbtLsGjFIad0wIsod4zrTAEQ==",
      "license": "MIT",
      "engines": {
        "node": ">=0.4"
      }
    }
  }
}
